
Microsoft Visual Studio Solution File, Format Version 12.00
# Visual Studio Version 17
VisualStudioVersion = 17.3.32825.248
MinimumVisualStudioVersion = 10.0.40219.1
Project("{9A19103F-16F7-4668-BE54-9A1E7A4F7556}") = "BlazorMealOrdering.Server", "BlazorMealOrdering\Server\BlazorMealOrdering.Server.csproj", "{845BBF64-7153-4F00-96D4-0643274BC45B}"
EndProject
Project("{9A19103F-16F7-4668-BE54-9A1E7A4F7556}") = "BlazorMealOrdering.Client", "BlazorMealOrdering\Client\BlazorMealOrdering.Client.csproj", "{303879FB-5410-4FF5-BD57-06BF2A98AA1C}"
EndProject
Project("{9A19103F-16F7-4668-BE54-9A1E7A4F7556}") = "BlazorMealOrdering.Shared", "BlazorMealOrdering\Shared\BlazorMealOrdering.Shared.csproj", "{090C72EE-E144-43D8-855E-9EB121BDE0D3}"
EndProject
Project("{FAE04EC0-301F-11D3-BF4B-00C04F79EFBC}") = "BlazorMealOrdering.Server.Data", "BlazorMealOrdering.Server.Data\BlazorMealOrdering.Server.Data.csproj", "{BF4C1E18-1646-48B3-9AAE-6D091334CA41}"
EndProject
Global
	GlobalSection(SolutionConfigurationPlatforms) = preSolution
		Debug|Any CPU = Debug|Any CPU
		Release|Any CPU = Release|Any CPU
	EndGlobalSection
	GlobalSection(ProjectConfigurationPlatforms) = postSolution
		{845BBF64-7153-4F00-96D4-0643274BC45B}.Debug|Any CPU.ActiveCfg = Debug|Any CPU
		{845BBF64-7153-4F00-96D4-0643274BC45B}.Debug|Any CPU.Build.0 = Debug|Any CPU
		{845BBF64-7153-4F00-96D4-0643274BC45B}.Release|Any CPU.ActiveCfg = Release|Any CPU
		{845BBF64-7153-4F00-96D4-0643274BC45B}.Release|Any CPU.Build.0 = Release|Any CPU
		{303879FB-5410-4FF5-BD57-06BF2A98AA1C}.Debug|Any CPU.ActiveCfg = Debug|Any CPU
		{303879FB-5410-4FF5-BD57-06BF2A98AA1C}.Debug|Any CPU.Build.0 = Debug|Any CPU
		{303879FB-5410-4FF5-BD57-06BF2A98AA1C}.Release|Any CPU.ActiveCfg = Release|Any CPU
		{303879FB-5410-4FF5-BD57-06BF2A98AA1C}.Release|Any CPU.Build.0 = Release|Any CPU
		{090C72EE-E144-43D8-855E-9EB121BDE0D3}.Debug|Any CPU.ActiveCfg = Debug|Any CPU
		{090C72EE-E144-43D8-855E-9EB121BDE0D3}.Debug|Any CPU.Build.0 = Debug|Any CPU
		{090C72EE-E144-43D8-855E-9EB121BDE0D3}.Release|Any CPU.ActiveCfg = Release|Any CPU
		{090C72EE-E144-43D8-855E-9EB121BDE0D3}.Release|Any CPU.Build.0 = Release|Any CPU
		{BF4C1E18-1646-48B3-9AAE-6D091334CA41}.Debug|Any CPU.ActiveCfg = Debug|Any CPU
		{BF4C1E18-1646-48B3-9AAE-6D091334CA41}.Debug|Any CPU.Build.0 = Debug|Any CPU
		{BF4C1E18-1646-48B3-9AAE-6D091334CA41}.Release|Any CPU.ActiveCfg = Release|Any CPU
		{BF4C1E18-1646-48B3-9AAE-6D091334CA41}.Release|Any CPU.Build.0 = Release|Any CPU
	EndGlobalSection
	GlobalSection(SolutionProperties) = preSolution
		HideSolutionNode = FALSE
	EndGlobalSection
	GlobalSection(ExtensibilityGlobals) = postSolution
		SolutionGuid = {5A0FD741-DB76-424F-87A7-9415A95EFB72}
	EndGlobalSection
EndGlobal
